<?xml version="1.0" encoding="utf-8"?>
<Project ToolsVersion="4.0" xmlns="http://schemas.microsoft.com/developer/msbuild/2003">
  <ItemGroup>
    <Filter Include="ソース ファイル">
      <UniqueIdentifier>{4FC737F1-C7A5-4376-A066-2A32D752A2FF}</UniqueIdentifier>
      <Extensions>cpp;c;cc;cxx;def;odl;idl;hpj;bat;asm;asmx</Extensions>
    </Filter>
    <Filter Include="ヘッダー ファイル">
      <UniqueIdentifier>{93995380-89BD-4b04-88EB-625FBE52EBFB}</UniqueIdentifier>
      <Extensions>h;hh;hpp;hxx;hm;inl;inc;xsd</Extensions>
    </Filter>
    <Filter Include="リソース ファイル">
      <UniqueIdentifier>{67DA6AB6-F800-4c08-8B7A-83BB121AAD01}</UniqueIdentifier>
      <Extensions>rc;ico;cur;bmp;dlg;rc2;rct;bin;rgs;gif;jpg;jpeg;jpe;resx;tiff;tif;png;wav;mfcribbon-ms</Extensions>
    </Filter>
    <Filter Include="ソース ファイル\ApplicationFrame">
      <UniqueIdentifier>{586a725c-ef29-4b74-a706-5efb1e8e723d}</UniqueIdentifier>
    </Filter>
    <Filter Include="ヘッダー ファイル\ApplicationFrame">
      <UniqueIdentifier>{3182d386-b27f-46b9-9f65-397409220ef3}</UniqueIdentifier>
    </Filter>
    <Filter Include="ソース ファイル\Elements">
      <UniqueIdentifier>{89b60a53-4883-4440-973f-7b5dd360d940}</UniqueIdentifier>
    </Filter>
    <Filter Include="ヘッダー ファイル\Elements">
      <UniqueIdentifier>{868d8640-e52a-46c4-bf42-61cc8caa80f1}</UniqueIdentifier>
    </Filter>
  </ItemGroup>
  <ItemGroup>
    <ClCompile Include="WinMain.cpp">
      <Filter>ソース ファイル</Filter>
    </ClCompile>
    <ClCompile Include="MainFrame.cpp">
      <Filter>ソース ファイル</Filter>
    </ClCompile>
    <ClCompile Include="StringDisplayFrame.cpp">
      <Filter>ソース ファイル\ApplicationFrame</Filter>
    </ClCompile>
    <ClCompile Include="ModeSelectorFrame.cpp">
      <Filter>ソース ファイル\ApplicationFrame</Filter>
    </ClCompile>
    <ClCompile Include="Billboard.cpp">
      <Filter>ソース ファイル\Elements</Filter>
    </ClCompile>
    <ClCompile Include="SimulatorFrame.cpp">
      <Filter>ソース ファイル\ApplicationFrame</Filter>
    </ClCompile>
    <ClCompile Include="StringEditorFrame.cpp">
      <Filter>ソース ファイル\ApplicationFrame</Filter>
    </ClCompile>
  </ItemGroup>
  <ItemGroup>
    <ClInclude Include="MainFrame.h">
      <Filter>ヘッダー ファイル</Filter>
    </ClInclude>
    <ClInclude Include="ModeSelectorFrame.h">
      <Filter>ヘッダー ファイル\ApplicationFrame</Filter>
    </ClInclude>
    <ClInclude Include="StringDisplayFrame.h">
      <Filter>ヘッダー ファイル\ApplicationFrame</Filter>
    </ClInclude>
    <ClInclude Include="Billboard.h">
      <Filter>ヘッダー ファイル\Elements</Filter>
    </ClInclude>
    <ClInclude Include="Header.h">
      <Filter>ヘッダー ファイル</Filter>
    </ClInclude>
    <ClInclude Include="SimulatorFrame.h">
      <Filter>ヘッダー ファイル\ApplicationFrame</Filter>
    </ClInclude>
    <ClInclude Include="StringEditorFrame.h">
      <Filter>ヘッダー ファイル\ApplicationFrame</Filter>
    </ClInclude>
  </ItemGroup>
</Project>